// !$*UTF8*$!
{
	archiveVersion = 1;
	classes = {
	};
	objectVersion = 46;
	objects = {

/* Begin PBXBuildFile section */
		8B627501D78811F197CC24EC /* libPods-Guidebox.a in Frameworks */ = {isa = PBXBuildFile; fileRef = C5D4FE8B9F5F4EB2B4DCF09E /* libPods-Guidebox.a */; };
		D58B89E61BCC2D5D00EB8A30 /* libAFNetworking.a in Frameworks */ = {isa = PBXBuildFile; fileRef = D58B89E51BCC2D5D00EB8A30 /* libAFNetworking.a */; };
		D58B89EE1BCEDAE600EB8A30 /* CoreData.framework in Frameworks */ = {isa = PBXBuildFile; fileRef = D58B89ED1BCEDAE600EB8A30 /* CoreData.framework */; };
		D58C94281BC76F4900F66AD2 /* main.m in Sources */ = {isa = PBXBuildFile; fileRef = D58C94271BC76F4900F66AD2 /* main.m */; };
		D58C942B1BC76F4900F66AD2 /* AppDelegate.m in Sources */ = {isa = PBXBuildFile; fileRef = D58C942A1BC76F4900F66AD2 /* AppDelegate.m */; };
		D58C942E1BC76F4900F66AD2 /* ViewController.m in Sources */ = {isa = PBXBuildFile; fileRef = D58C942D1BC76F4900F66AD2 /* ViewController.m */; };
		D58C94311BC76F4900F66AD2 /* Main.storyboard in Resources */ = {isa = PBXBuildFile; fileRef = D58C942F1BC76F4900F66AD2 /* Main.storyboard */; };
		D58C94331BC76F4900F66AD2 /* Assets.xcassets in Resources */ = {isa = PBXBuildFile; fileRef = D58C94321BC76F4900F66AD2 /* Assets.xcassets */; };
		D58C94361BC76F4900F66AD2 /* LaunchScreen.storyboard in Resources */ = {isa = PBXBuildFile; fileRef = D58C94341BC76F4900F66AD2 /* LaunchScreen.storyboard */; };
		D58C94411BC76F4900F66AD2 /* GuideboxTests.m in Sources */ = {isa = PBXBuildFile; fileRef = D58C94401BC76F4900F66AD2 /* GuideboxTests.m */; };
		D58C944C1BC76F4900F66AD2 /* GuideboxUITests.m in Sources */ = {isa = PBXBuildFile; fileRef = D58C944B1BC76F4900F66AD2 /* GuideboxUITests.m */; };
		D58C945B1BC776D600F66AD2 /* MainTableViewController.m in Sources */ = {isa = PBXBuildFile; fileRef = D58C945A1BC776D600F66AD2 /* MainTableViewController.m */; settings = {ASSET_TAGS = (); }; };
		D58C94611BC89E3600F66AD2 /* CustomTableViewCell.m in Sources */ = {isa = PBXBuildFile; fileRef = D58C94601BC89E3600F66AD2 /* CustomTableViewCell.m */; settings = {ASSET_TAGS = (); }; };
/* End PBXBuildFile section */

/* Begin PBXContainerItemProxy section */
		D58C943D1BC76F4900F66AD2 /* PBXContainerItemProxy */ = {
			isa = PBXContainerItemProxy;
			containerPortal = D58C941B1BC76F4900F66AD2 /* Project object */;
			proxyType = 1;
			remoteGlobalIDString = D58C94221BC76F4900F66AD2;
			remoteInfo = Guidebox;
		};
		D58C94481BC76F4900F66AD2 /* PBXContainerItemProxy */ = {
			isa = PBXContainerItemProxy;
			containerPortal = D58C941B1BC76F4900F66AD2 /* Project object */;
			proxyType = 1;
			remoteGlobalIDString = D58C94221BC76F4900F66AD2;
			remoteInfo = Guidebox;
		};
/* End PBXContainerItemProxy section */

/* Begin PBXFileReference section */
		621A5F9DC1DD7CFDD2FE2DA1 /* Pods-Guidebox.release.xcconfig */ = {isa = PBXFileReference; includeInIndex = 1; lastKnownFileType = text.xcconfig; name = "Pods-Guidebox.release.xcconfig"; path = "Pods/Target Support Files/Pods-Guidebox/Pods-Guidebox.release.xcconfig"; sourceTree = "<group>"; };
		A673E6A2F48C28E9F89447B8 /* Pods-Guidebox.debug.xcconfig */ = {isa = PBXFileReference; includeInIndex = 1; lastKnownFileType = text.xcconfig; name = "Pods-Guidebox.debug.xcconfig"; path = "Pods/Target Support Files/Pods-Guidebox/Pods-Guidebox.debug.xcconfig"; sourceTree = "<group>"; };
		C5D4FE8B9F5F4EB2B4DCF09E /* libPods-Guidebox.a */ = {isa = PBXFileReference; explicitFileType = archive.ar; includeInIndex = 0; path = "libPods-Guidebox.a"; sourceTree = BUILT_PRODUCTS_DIR; };
		D58B89E51BCC2D5D00EB8A30 /* libAFNetworking.a */ = {isa = PBXFileReference; lastKnownFileType = archive.ar; name = libAFNetworking.a; path = "Pods/../build/Debug-iphoneos/libAFNetworking.a"; sourceTree = "<group>"; };
		D58B89ED1BCEDAE600EB8A30 /* CoreData.framework */ = {isa = PBXFileReference; lastKnownFileType = wrapper.framework; name = CoreData.framework; path = System/Library/Frameworks/CoreData.framework; sourceTree = SDKROOT; };
		D58B89FA1BD051A800EB8A30 /* Global.h */ = {isa = PBXFileReference; fileEncoding = 4; lastKnownFileType = sourcecode.c.h; path = Global.h; sourceTree = "<group>"; };
		D58C94231BC76F4900F66AD2 /* Guidebox.app */ = {isa = PBXFileReference; explicitFileType = wrapper.application; includeInIndex = 0; path = Guidebox.app; sourceTree = BUILT_PRODUCTS_DIR; };
		D58C94271BC76F4900F66AD2 /* main.m */ = {isa = PBXFileReference; lastKnownFileType = sourcecode.c.objc; path = main.m; sourceTree = "<group>"; };
		D58C94291BC76F4900F66AD2 /* AppDelegate.h */ = {isa = PBXFileReference; lastKnownFileType = sourcecode.c.h; path = AppDelegate.h; sourceTree = "<group>"; };
		D58C942A1BC76F4900F66AD2 /* AppDelegate.m */ = {isa = PBXFileReference; lastKnownFileType = sourcecode.c.objc; path = AppDelegate.m; sourceTree = "<group>"; };
		D58C942C1BC76F4900F66AD2 /* ViewController.h */ = {isa = PBXFileReference; lastKnownFileType = sourcecode.c.h; path = ViewController.h; sourceTree = "<group>"; };
		D58C942D1BC76F4900F66AD2 /* ViewController.m */ = {isa = PBXFileReference; lastKnownFileType = sourcecode.c.objc; path = ViewController.m; sourceTree = "<group>"; };
		D58C94301BC76F4900F66AD2 /* Base */ = {isa = PBXFileReference; lastKnownFileType = file.storyboard; name = Base; path = Base.lproj/Main.storyboard; sourceTree = "<group>"; };
		D58C94321BC76F4900F66AD2 /* Assets.xcassets */ = {isa = PBXFileReference; lastKnownFileType = folder.assetcatalog; path = Assets.xcassets; sourceTree = "<group>"; };
		D58C94351BC76F4900F66AD2 /* Base */ = {isa = PBXFileReference; lastKnownFileType = file.storyboard; name = Base; path = Base.lproj/LaunchScreen.storyboard; sourceTree = "<group>"; };
		D58C94371BC76F4900F66AD2 /* Info.plist */ = {isa = PBXFileReference; lastKnownFileType = text.plist.xml; path = Info.plist; sourceTree = "<group>"; };
		D58C943C1BC76F4900F66AD2 /* GuideboxTests.xctest */ = {isa = PBXFileReference; explicitFileType = wrapper.cfbundle; includeInIndex = 0; path = GuideboxTests.xctest; sourceTree = BUILT_PRODUCTS_DIR; };
		D58C94401BC76F4900F66AD2 /* GuideboxTests.m */ = {isa = PBXFileReference; lastKnownFileType = sourcecode.c.objc; path = GuideboxTests.m; sourceTree = "<group>"; };
		D58C94421BC76F4900F66AD2 /* Info.plist */ = {isa = PBXFileReference; lastKnownFileType = text.plist.xml; path = Info.plist; sourceTree = "<group>"; };
		D58C94471BC76F4900F66AD2 /* GuideboxUITests.xctest */ = {isa = PBXFileReference; explicitFileType = wrapper.cfbundle; includeInIndex = 0; path = GuideboxUITests.xctest; sourceTree = BUILT_PRODUCTS_DIR; };
		D58C944B1BC76F4900F66AD2 /* GuideboxUITests.m */ = {isa = PBXFileReference; lastKnownFileType = sourcecode.c.objc; path = GuideboxUITests.m; sourceTree = "<group>"; };
		D58C944D1BC76F4900F66AD2 /* Info.plist */ = {isa = PBXFileReference; lastKnownFileType = text.plist.xml; path = Info.plist; sourceTree = "<group>"; };
		D58C94591BC776D600F66AD2 /* MainTableViewController.h */ = {isa = PBXFileReference; fileEncoding = 4; lastKnownFileType = sourcecode.c.h; path = MainTableViewController.h; sourceTree = "<group>"; };
		D58C945A1BC776D600F66AD2 /* MainTableViewController.m */ = {isa = PBXFileReference; fileEncoding = 4; lastKnownFileType = sourcecode.c.objc; path = MainTableViewController.m; sourceTree = "<group>"; };
		D58C945F1BC89E3600F66AD2 /* CustomTableViewCell.h */ = {isa = PBXFileReference; fileEncoding = 4; lastKnownFileType = sourcecode.c.h; path = CustomTableViewCell.h; sourceTree = "<group>"; };
		D58C94601BC89E3600F66AD2 /* CustomTableViewCell.m */ = {isa = PBXFileReference; fileEncoding = 4; lastKnownFileType = sourcecode.c.objc; path = CustomTableViewCell.m; sourceTree = "<group>"; };
/* End PBXFileReference section */

/* Begin PBXFrameworksBuildPhase section */
		D58C94201BC76F4900F66AD2 /* Frameworks */ = {
			isa = PBXFrameworksBuildPhase;
			buildActionMask = 2147483647;
			files = (
				D58B89EE1BCEDAE600EB8A30 /* CoreData.framework in Frameworks */,
				D58B89E61BCC2D5D00EB8A30 /* libAFNetworking.a in Frameworks */,
				8B627501D78811F197CC24EC /* libPods-Guidebox.a in Frameworks */,
			);
			runOnlyForDeploymentPostprocessing = 0;
		};
		D58C94391BC76F4900F66AD2 /* Frameworks */ = {
			isa = PBXFrameworksBuildPhase;
			buildActionMask = 2147483647;
			files = (
			);
			runOnlyForDeploymentPostprocessing = 0;
		};
		D58C94441BC76F4900F66AD2 /* Frameworks */ = {
			isa = PBXFrameworksBuildPhase;
			buildActionMask = 2147483647;
			files = (
			);
			runOnlyForDeploymentPostprocessing = 0;
		};
/* End PBXFrameworksBuildPhase section */

/* Begin PBXGroup section */
		3E2781EE62F5B957BA34D320 /* Pods */ = {
			isa = PBXGroup;
			children = (
				A673E6A2F48C28E9F89447B8 /* Pods-Guidebox.debug.xcconfig */,
				621A5F9DC1DD7CFDD2FE2DA1 /* Pods-Guidebox.release.xcconfig */,
			);
			name = Pods;
			sourceTree = "<group>";
		};
		BA2D03148B3ADF8F58734B62 /* Frameworks */ = {
			isa = PBXGroup;
			children = (
				D58B89ED1BCEDAE600EB8A30 /* CoreData.framework */,
				D58B89E51BCC2D5D00EB8A30 /* libAFNetworking.a */,
				C5D4FE8B9F5F4EB2B4DCF09E /* libPods-Guidebox.a */,
			);
			name = Frameworks;
			sourceTree = "<group>";
		};
		D58C941A1BC76F4900F66AD2 = {
			isa = PBXGroup;
			children = (
				D58C94251BC76F4900F66AD2 /* Guidebox */,
				D58C943F1BC76F4900F66AD2 /* GuideboxTests */,
				D58C944A1BC76F4900F66AD2 /* GuideboxUITests */,
				D58C94241BC76F4900F66AD2 /* Products */,
				3E2781EE62F5B957BA34D320 /* Pods */,
				BA2D03148B3ADF8F58734B62 /* Frameworks */,
			);
			sourceTree = "<group>";
		};
		D58C94241BC76F4900F66AD2 /* Products */ = {
			isa = PBXGroup;
			children = (
				D58C94231BC76F4900F66AD2 /* Guidebox.app */,
				D58C943C1BC76F4900F66AD2 /* GuideboxTests.xctest */,
				D58C94471BC76F4900F66AD2 /* GuideboxUITests.xctest */,
			);
			name = Products;
			sourceTree = "<group>";
		};
		D58C94251BC76F4900F66AD2 /* Guidebox */ = {
			isa = PBXGroup;
			children = (
				D58B89FA1BD051A800EB8A30 /* Global.h */,
				D58C94291BC76F4900F66AD2 /* AppDelegate.h */,
				D58C942A1BC76F4900F66AD2 /* AppDelegate.m */,
				D58C942C1BC76F4900F66AD2 /* ViewController.h */,
				D58C942D1BC76F4900F66AD2 /* ViewController.m */,
				D58C94591BC776D600F66AD2 /* MainTableViewController.h */,
				D58C945A1BC776D600F66AD2 /* MainTableViewController.m */,
				D58C945F1BC89E3600F66AD2 /* CustomTableViewCell.h */,
				D58C94601BC89E3600F66AD2 /* CustomTableViewCell.m */,
				D58C942F1BC76F4900F66AD2 /* Main.storyboard */,
				D58C94321BC76F4900F66AD2 /* Assets.xcassets */,
				D58C94341BC76F4900F66AD2 /* LaunchScreen.storyboard */,
				D58C94371BC76F4900F66AD2 /* Info.plist */,
				D58C94261BC76F4900F66AD2 /* Supporting Files */,
			);
			path = Guidebox;
			sourceTree = "<group>";
		};
		D58C94261BC76F4900F66AD2 /* Supporting Files */ = {
			isa = PBXGroup;
			children = (
				D58C94271BC76F4900F66AD2 /* main.m */,
			);
			name = "Supporting Files";
			sourceTree = "<group>";
		};
		D58C943F1BC76F4900F66AD2 /* GuideboxTests */ = {
			isa = PBXGroup;
			children = (
				D58C94401BC76F4900F66AD2 /* GuideboxTests.m */,
				D58C94421BC76F4900F66AD2 /* Info.plist */,
			);
			path = GuideboxTests;
			sourceTree = "<group>";
		};
		D58C944A1BC76F4900F66AD2 /* GuideboxUITests */ = {
			isa = PBXGroup;
			children = (
				D58C944B1BC76F4900F66AD2 /* GuideboxUITests.m */,
				D58C944D1BC76F4900F66AD2 /* Info.plist */,
			);
			path = GuideboxUITests;
			sourceTree = "<group>";
		};
/* End PBXGroup section */

/* Begin PBXNativeTarget section */
		D58C94221BC76F4900F66AD2 /* Guidebox */ = {
			isa = PBXNativeTarget;
			buildConfigurationList = D58C94501BC76F4900F66AD2 /* Build configuration list for PBXNativeTarget "Guidebox" */;
			buildPhases = (
				AECE247F5873C92CEF91A689 /* Check Pods Manifest.lock */,
				D58C941F1BC76F4900F66AD2 /* Sources */,
				D58C94201BC76F4900F66AD2 /* Frameworks */,
				D58C94211BC76F4900F66AD2 /* Resources */,
				AA137C3F27431D99A8DDB502 /* Embed Pods Frameworks */,
				A4C6738BCDFB00CBD79070F2 /* Copy Pods Resources */,
			);
			buildRules = (
			);
			dependencies = (
			);
			name = Guidebox;
			productName = Guidebox;
			productReference = D58C94231BC76F4900F66AD2 /* Guidebox.app */;
			productType = "com.apple.product-type.application";
		};
		D58C943B1BC76F4900F66AD2 /* GuideboxTests */ = {
			isa = PBXNativeTarget;
			buildConfigurationList = D58C94531BC76F4900F66AD2 /* Build configuration list for PBXNativeTarget "GuideboxTests" */;
			buildPhases = (
				D58C94381BC76F4900F66AD2 /* Sources */,
				D58C94391BC76F4900F66AD2 /* Frameworks */,
				D58C943A1BC76F4900F66AD2 /* Resources */,
			);
			buildRules = (
			);
			dependencies = (
				D58C943E1BC76F4900F66AD2 /* PBXTargetDependency */,
			);
			name = GuideboxTests;
			productName = GuideboxTests;
			productReference = D58C943C1BC76F4900F66AD2 /* GuideboxTests.xctest */;
			productType = "com.apple.product-type.bundle.unit-test";
		};
		D58C94461BC76F4900F66AD2 /* GuideboxUITests */ = {
			isa = PBXNativeTarget;
			buildConfigurationList = D58C94561BC76F4900F66AD2 /* Build configuration list for PBXNativeTarget "GuideboxUITests" */;
			buildPhases = (
				D58C94431BC76F4900F66AD2 /* Sources */,
				D58C94441BC76F4900F66AD2 /* Frameworks */,
				D58C94451BC76F4900F66AD2 /* Resources */,
			);
			buildRules = (
			);
			dependencies = (
				D58C94491BC76F4900F66AD2 /* PBXTargetDependency */,
			);
			name = GuideboxUITests;
			productName = GuideboxUITests;
			productReference = D58C94471BC76F4900F66AD2 /* GuideboxUITests.xctest */;
			productType = "com.apple.product-type.bundle.ui-testing";
		};
/* End PBXNativeTarget section */

/* Begin PBXProject section */
		D58C941B1BC76F4900F66AD2 /* Project object */ = {
			isa = PBXProject;
			attributes = {
				LastUpgradeCheck = 0700;
				ORGANIZATIONNAME = "Luke Solomon";
				TargetAttributes = {
					D58C94221BC76F4900F66AD2 = {
						CreatedOnToolsVersion = 7.0.1;
					};
					D58C943B1BC76F4900F66AD2 = {
						CreatedOnToolsVersion = 7.0.1;
						TestTargetID = D58C94221BC76F4900F66AD2;
					};
					D58C94461BC76F4900F66AD2 = {
						CreatedOnToolsVersion = 7.0.1;
						TestTargetID = D58C94221BC76F4900F66AD2;
					};
				};
			};
			buildConfigurationList = D58C941E1BC76F4900F66AD2 /* Build configuration list for PBXProject "Guidebox" */;
			compatibilityVersion = "Xcode 3.2";
			developmentRegion = English;
			hasScannedForEncodings = 0;
			knownRegions = (
				en,
				Base,
			);
			mainGroup = D58C941A1BC76F4900F66AD2;
			productRefGroup = D58C94241BC76F4900F66AD2 /* Products */;
			projectDirPath = "";
			projectRoot = "";
			targets = (
				D58C94221BC76F4900F66AD2 /* Guidebox */,
				D58C943B1BC76F4900F66AD2 /* GuideboxTests */,
				D58C94461BC76F4900F66AD2 /* GuideboxUITests */,
			);
		};
/* End PBXProject section */

/* Begin PBXResourcesBuildPhase section */
		D58C94211BC76F4900F66AD2 /* Resources */ = {
			isa = PBXResourcesBuildPhase;
			buildActionMask = 2147483647;
			files = (
				D58C94361BC76F4900F66AD2 /* LaunchScreen.storyboard in Resources */,
				D58C94331BC76F4900F66AD2 /* Assets.xcassets in Resources */,
				D58C94311BC76F4900F66AD2 /* Main.storyboard in Resources */,
			);
			runOnlyForDeploymentPostprocessing = 0;
		};
		D58C943A1BC76F4900F66AD2 /* Resources */ = {
			isa = PBXResourcesBuildPhase;
			buildActionMask = 2147483647;
			files = (
			);
			runOnlyForDeploymentPostprocessing = 0;
		};
		D58C94451BC76F4900F66AD2 /* Resources */ = {
			isa = PBXResourcesBuildPhase;
			buildActionMask = 2147483647;
			files = (
			);
			runOnlyForDeploymentPostprocessing = 0;
		};
/* End PBXResourcesBuildPhase section */

/* Begin PBXShellScriptBuildPhase section */
		A4C6738BCDFB00CBD79070F2 /* Copy Pods Resources */ = {
			isa = PBXShellScriptBuildPhase;
			buildActionMask = 2147483647;
			files = (
			);
			inputPaths = (
			);
			name = "Copy Pods Resources";
			outputPaths = (
			);
			runOnlyForDeploymentPostprocessing = 0;
			shellPath = /bin/sh;
			shellScript = "\"${SRCROOT}/Pods/Target Support Files/Pods-Guidebox/Pods-Guidebox-resources.sh\"\n";
			showEnvVarsInLog = 0;
		};
		AA137C3F27431D99A8DDB502 /* Embed Pods Frameworks */ = {
			isa = PBXShellScriptBuildPhase;
			buildActionMask = 2147483647;
			files = (
			);
			inputPaths = (
			);
			name = "Embed Pods Frameworks";
			outputPaths = (
			);
			runOnlyForDeploymentPostprocessing = 0;
			shellPath = /bin/sh;
			shellScript = "\"${SRCROOT}/Pods/Target Support Files/Pods-Guidebox/Pods-Guidebox-frameworks.sh\"\n";
			showEnvVarsInLog = 0;
		};
		AECE247F5873C92CEF91A689 /* Check Pods Manifest.lock */ = {
			isa = PBXShellScriptBuildPhase;
			buildActionMask = 2147483647;
			files = (
			);
			inputPaths = (
			);
			name = "Check Pods Manifest.lock";
			outputPaths = (
			);
			runOnlyForDeploymentPostprocessing = 0;
			shellPath = /bin/sh;
			shellScript = "diff \"${PODS_ROOT}/../Podfile.lock\" \"${PODS_ROOT}/Manifest.lock\" > /dev/null\nif [[ $? != 0 ]] ; then\n    cat << EOM\nerror: The sandbox is not in sync with the Podfile.lock. Run 'pod install' or update your CocoaPods installation.\nEOM\n    exit 1\nfi\n";
			showEnvVarsInLog = 0;
		};
/* End PBXShellScriptBuildPhase section */

/* Begin PBXSourcesBuildPhase section */
		D58C941F1BC76F4900F66AD2 /* Sources */ = {
			isa = PBXSourcesBuildPhase;
			buildActionMask = 2147483647;
			files = (
				D58C945B1BC776D600F66AD2 /* MainTableViewController.m in Sources */,
				D58C942E1BC76F4900F66AD2 /* ViewController.m in Sources */,
				D58C94611BC89E3600F66AD2 /* CustomTableViewCell.m in Sources */,
				D58C942B1BC76F4900F66AD2 /* AppDelegate.m in Sources */,
				D58C94281BC76F4900F66AD2 /* main.m in Sources */,
			);
			runOnlyForDeploymentPostprocessing = 0;
		};
		D58C94381BC76F4900F66AD2 /* Sources */ = {
			isa = PBXSourcesBuildPhase;
			buildActionMask = 2147483647;
			files = (
				D58C94411BC76F4900F66AD2 /* GuideboxTests.m in Sources */,
			);
			runOnlyForDeploymentPostprocessing = 0;
		};
		D58C94431BC76F4900F66AD2 /* Sources */ = {
			isa = PBXSourcesBuildPhase;
			buildActionMask = 2147483647;
			files = (
				D58C944C1BC76F4900F66AD2 /* GuideboxUITests.m in Sources */,
			);
			runOnlyForDeploymentPostprocessing = 0;
		};
/* End PBXSourcesBuildPhase section */

/* Begin PBXTargetDependency section */
		D58C943E1BC76F4900F66AD2 /* PBXTargetDependency */ = {
			isa = PBXTargetDependency;
			target = D58C94221BC76F4900F66AD2 /* Guidebox */;
			targetProxy = D58C943D1BC76F4900F66AD2 /* PBXContainerItemProxy */;
		};
		D58C94491BC76F4900F66AD2 /* PBXTargetDependency */ = {
			isa = PBXTargetDependency;
			target = D58C94221BC76F4900F66AD2 /* Guidebox */;
			targetProxy = D58C94481BC76F4900F66AD2 /* PBXContainerItemProxy */;
		};
/* End PBXTargetDependency section */

/* Begin PBXVariantGroup section */
		D58C942F1BC76F4900F66AD2 /* Main.storyboard */ = {
			isa = PBXVariantGroup;
			children = (
				D58C94301BC76F4900F66AD2 /* Base */,
			);
			name = Main.storyboard;
			sourceTree = "<group>";
		};
		D58C94341BC76F4900F66AD2 /* LaunchScreen.storyboard */ = {
			isa = PBXVariantGroup;
			children = (
				D58C94351BC76F4900F66AD2 /* Base */,
			);
			name = LaunchScreen.storyboard;
			sourceTree = "<group>";
		};
/* End PBXVariantGroup section */

/* Begin XCBuildConfiguration section */
		D58C944E1BC76F4900F66AD2 /* Debug */ = {
			isa = XCBuildConfiguration;
			buildSettings = {
				ALWAYS_SEARCH_USER_PATHS = NO;
				CLANG_CXX_LANGUAGE_STANDARD = "gnu++0x";
				CLANG_CXX_LIBRARY = "libc++";
				CLANG_ENABLE_MODULES = YES;
				CLANG_ENABLE_OBJC_ARC = YES;
				CLANG_WARN_BOOL_CONVERSION = YES;
				CLANG_WARN_CONSTANT_CONVERSION = YES;
				CLANG_WARN_DIRECT_OBJC_ISA_USAGE = YES_ERROR;
				CLANG_WARN_EMPTY_BODY = YES;
				CLANG_WARN_ENUM_CONVERSION = YES;
				CLANG_WARN_INT_CONVERSION = YES;
				CLANG_WARN_OBJC_ROOT_CLASS = YES_ERROR;
				CLANG_WARN_UNREACHABLE_CODE = YES;
				CLANG_WARN__DUPLICATE_METHOD_MATCH = YES;
				"CODE_SIGN_IDENTITY[sdk=iphoneos*]" = "iPhone Developer";
				COPY_PHASE_STRIP = NO;
				DEBUG_INFORMATION_FORMAT = dwarf;
				ENABLE_STRICT_OBJC_MSGSEND = YES;
				ENABLE_TESTABILITY = YES;
				GCC_C_LANGUAGE_STANDARD = gnu99;
				GCC_DYNAMIC_NO_PIC = NO;
				GCC_NO_COMMON_BLOCKS = YES;
				GCC_OPTIMIZATION_LEVEL = 0;
				GCC_PREPROCESSOR_DEFINITIONS = (
					"DEBUG=1",
					"$(inherited)",
				);
				GCC_WARN_64_TO_32_BIT_CONVERSION = YES;
				GCC_WARN_ABOUT_RETURN_TYPE = YES_ERROR;
				GCC_WARN_UNDECLARED_SELECTOR = YES;
				GCC_WARN_UNINITIALIZED_AUTOS = YES_AGGRESSIVE;
				GCC_WARN_UNUSED_FUNCTION = YES;
				GCC_WARN_UNUSED_VARIABLE = YES;
				IPHONEOS_DEPLOYMENT_TARGET = 9.0;
				MTL_ENABLE_DEBUG_INFO = YES;
				ONLY_ACTIVE_ARCH = YES;
				SDKROOT = iphoneos;
			};
			name = Debug;
		};
		D58C944F1BC76F4900F66AD2 /* Release */ = {
			isa = XCBuildConfiguration;
			buildSettings = {
				ALWAYS_SEARCH_USER_PATHS = NO;
				CLANG_CXX_LANGUAGE_STANDARD = "gnu++0x";
				CLANG_CXX_LIBRARY = "libc++";
				CLANG_ENABLE_MODULES = YES;
				CLANG_ENABLE_OBJC_ARC = YES;
				CLANG_WARN_BOOL_CONVERSION = YES;
				CLANG_WARN_CONSTANT_CONVERSION = YES;
				CLANG_WARN_DIRECT_OBJC_ISA_USAGE = YES_ERROR;
				CLANG_WARN_EMPTY_BODY = YES;
				CLANG_WARN_ENUM_CONVERSION = YES;
				CLANG_WARN_INT_CONVERSION = YES;
				CLANG_WARN_OBJC_ROOT_CLASS = YES_ERROR;
				CLANG_WARN_UNREACHABLE_CODE = YES;
				CLANG_WARN__DUPLICATE_METHOD_MATCH = YES;
				"CODE_SIGN_IDENTITY[sdk=iphoneos*]" = "iPhone Developer";
				COPY_PHASE_STRIP = NO;
				DEBUG_INFORMATION_FORMAT = "dwarf-with-dsym";
				ENABLE_NS_ASSERTIONS = NO;
				ENABLE_STRICT_OBJC_MSGSEND = YES;
				GCC_C_LANGUAGE_STANDARD = gnu99;
				GCC_NO_COMMON_BLOCKS = YES;
				GCC_WARN_64_TO_32_BIT_CONVERSION = YES;
				GCC_WARN_ABOUT_RETURN_TYPE = YES_ERROR;
				GCC_WARN_UNDECLARED_SELECTOR = YES;
				GCC_WARN_UNINITIALIZED_AUTOS = YES_AGGRESSIVE;
				GCC_WARN_UNUSED_FUNCTION = YES;
				GCC_WARN_UNUSED_VARIABLE = YES;
				IPHONEOS_DEPLOYMENT_TARGET = 9.0;
				MTL_ENABLE_DEBUG_INFO = NO;
				SDKROOT = iphoneos;
				VALIDATE_PRODUCT = YES;
			};
			name = Release;
		};
		D58C94511BC76F4900F66AD2 /* Debug */ = {
			isa = XCBuildConfiguration;
			baseConfigurationReference = A673E6A2F48C28E9F89447B8 /* Pods-Guidebox.debug.xcconfig */;
			buildSettings = {
				ASSETCATALOG_COMPILER_APPICON_NAME = AppIcon;
				INFOPLIST_FILE = Guidebox/Info.plist;
				LD_RUNPATH_SEARCH_PATHS = "$(inherited) @executable_path/Frameworks";
				LIBRARY_SEARCH_PATHS = (
					"$(inherited)",
					"$(PROJECT_DIR)/build/Debug-iphoneos",
				);
				PRODUCT_BUNDLE_IDENTIFIER = LukeSolomon.Guidebox;
				PRODUCT_NAME = "$(TARGET_NAME)";
			};
			name = Debug;
		};
		D58C94521BC76F4900F66AD2 /* Release */ = {
			isa = XCBuildConfiguration;
			baseConfigurationReference = 621A5F9DC1DD7CFDD2FE2DA1 /* Pods-Guidebox.release.xcconfig */;
			buildSettings = {
				ASSETCATALOG_COMPILER_APPICON_NAME = AppIcon;
				INFOPLIST_FILE = Guidebox/Info.plist;
				LD_RUNPATH_SEARCH_PATHS = "$(inherited) @executable_path/Frameworks";
				LIBRARY_SEARCH_PATHS = (
					"$(inherited)",
					"$(PROJECT_DIR)/build/Debug-iphoneos",
				);
				PRODUCT_BUNDLE_IDENTIFIER = LukeSolomon.Guidebox;
				PRODUCT_NAME = "$(TARGET_NAME)";
			};
			name = Release;
		};
		D58C94541BC76F4900F66AD2 /* Debug */ = {
			isa = XCBuildConfiguration;
			buildSettings = {
				BUNDLE_LOADER = "$(TEST_HOST)";
				INFOPLIST_FILE = GuideboxTests/Info.plist;
				LD_RUNPATH_SEARCH_PATHS = "$(inherited) @executable_path/Frameworks @loader_path/Frameworks";
				PRODUCT_BUNDLE_IDENTIFIER = LukeSolomon.GuideboxTests;
				PRODUCT_NAME = "$(TARGET_NAME)";
				TEST_HOST = "$(BUILT_PRODUCTS_DIR)/Guidebox.app/Guidebox";
			};
			name = Debug;
		};
		D58C94551BC76F4900F66AD2 /* Release */ = {
			isa = XCBuildConfiguration;
			buildSettings = {
				BUNDLE_LOADER = "$(TEST_HOST)";
				INFOPLIST_FILE = GuideboxTests/Info.plist;
				LD_RUNPATH_SEARCH_PATHS = "$(inherited) @executable_path/Frameworks @loader_path/Frameworks";
				PRODUCT_BUNDLE_IDENTIFIER = LukeSolomon.GuideboxTests;
				PRODUCT_NAME = "$(TARGET_NAME)";
				TEST_HOST = "$(BUILT_PRODUCTS_DIR)/Guidebox.app/Guidebox";
			};
			name = Release;
		};
		D58C94571BC76F4900F66AD2 /* Debug */ = {
			isa = XCBuildConfiguration;
			buildSettings = {
				INFOPLIST_FILE = GuideboxUITests/Info.plist;
				LD_RUNPATH_SEARCH_PATHS = "$(inherited) @executable_path/Frameworks @loader_path/Frameworks";
				PRODUCT_BUNDLE_IDENTIFIER = LukeSolomon.GuideboxUITests;
				PRODUCT_NAME = "$(TARGET_NAME)";
				TEST_TARGET_NAME = Guidebox;
				USES_XCTRUNNER = YES;
			};
			name = Debug;
		};
		D58C94581BC76F4900F66AD2 /* Release */ = {
			isa = XCBuildConfiguration;
			buildSettings = {
				INFOPLIST_FILE = GuideboxUITests/Info.plist;
				LD_RUNPATH_SEARCH_PATHS = "$(inherited) @executable_path/Frameworks @loader_path/Frameworks";
				PRODUCT_BUNDLE_IDENTIFIER = LukeSolomon.GuideboxUITests;
				PRODUCT_NAME = "$(TARGET_NAME)";
				TEST_TARGET_NAME = Guidebox;
				USES_XCTRUNNER = YES;
			};
			name = Release;
		};
/* End XCBuildConfiguration section */

/* Begin XCConfigurationList section */
		D58C941E1BC76F4900F66AD2 /* Build configuration list for PBXProject "Guidebox" */ = {
			isa = XCConfigurationList;
			buildConfigurations = (
				D58C944E1BC76F4900F66AD2 /* Debug */,
				D58C944F1BC76F4900F66AD2 /* Release */,
			);
			defaultConfigurationIsVisible = 0;
			defaultConfigurationName = Release;
		};
		D58C94501BC76F4900F66AD2 /* Build configuration list for PBXNativeTarget "Guidebox" */ = {
			isa = XCConfigurationList;
			buildConfigurations = (
				D58C94511BC76F4900F66AD2 /* Debug */,
				D58C94521BC76F4900F66AD2 /* Release */,
			);
			defaultConfigurationIsVisible = 0;
			defaultConfigurationName = Release;
		};
		D58C94531BC76F4900F66AD2 /* Build configuration list for PBXNativeTarget "GuideboxTests" */ = {
			isa = XCConfigurationList;
			buildConfigurations = (
				D58C94541BC76F4900F66AD2 /* Debug */,
				D58C94551BC76F4900F66AD2 /* Release */,
			);
			defaultConfigurationIsVisible = 0;
			defaultConfigurationName = Release;
		};
		D58C94561BC76F4900F66AD2 /* Build configuration list for PBXNativeTarget "GuideboxUITests" */ = {
			isa = XCConfigurationList;
			buildConfigurations = (
				D58C94571BC76F4900F66AD2 /* Debug */,
				D58C94581BC76F4900F66AD2 /* Release */,
			);
			defaultConfigurationIsVisible = 0;
			defaultConfigurationName = Release;
		};
/* End XCConfigurationList section */
	};
	rootObject = D58C941B1BC76F4900F66AD2 /* Project object */;
}
